{
	"name": "@qaflag/hls",
	"version": "0.0.64",
	"lockfileVersion": 1,
	"requires": true,
	"dependencies": {
		"hls-parser": {
			"version": "0.10.4",
			"resolved": "https://registry.npmjs.org/hls-parser/-/hls-parser-0.10.4.tgz",
			"integrity": "sha512-YAQyeoaDg7G88Vl2Bc5+UP55ROz1nPPYwZ69vTqHx3p7+mKwh0gHYTEIVFB6MZL/npB4XeZ0h9GaH/olps0zeA=="
		},
		"husky": {
			"version": "7.0.4",
			"resolved": "https://registry.npmjs.org/husky/-/husky-7.0.4.tgz",
			"integrity": "sha512-vbaCKN2QLtP/vD4yvs6iz6hBEo6wkSzs8HpRah1Z6aGmF2KW5PdYuAd7uX5a+OyBZHBhd+TFLqgjUgytQr4RvQ==",
			"dev": true
		}
	}
}
