{
  "name": "@qaflag/hls",
  "version": "0.3.23",
  "lockfileVersion": 3,
  "requires": true,
  "packages": {
    "": {
      "name": "@qaflag/hls",
      "version": "0.3.23",
      "license": "MIT",
      "dependencies": {
        "hls-parser": "^0.10.4"
      },
      "devDependencies": {
        "husky": "^7.0.4"
      }
    },
    "node_modules/hls-parser": {
      "version": "0.10.4",
      "resolved": "https://registry.npmjs.org/hls-parser/-/hls-parser-0.10.4.tgz",
      "integrity": "sha512-YAQyeoaDg7G88Vl2Bc5+UP55ROz1nPPYwZ69vTqHx3p7+mKwh0gHYTEIVFB6MZL/npB4XeZ0h9GaH/olps0zeA=="
    },
    "node_modules/husky": {
      "version": "7.0.4",
      "resolved": "https://registry.npmjs.org/husky/-/husky-7.0.4.tgz",
      "integrity": "sha512-vbaCKN2QLtP/vD4yvs6iz6hBEo6wkSzs8HpRah1Z6aGmF2KW5PdYuAd7uX5a+OyBZHBhd+TFLqgjUgytQr4RvQ==",
      "dev": true,
      "bin": {
        "husky": "lib/bin.js"
      },
      "engines": {
        "node": ">=12"
      },
      "funding": {
        "url": "https://github.com/sponsors/typicode"
      }
    }
  }
}
