{
  "name": "@qaflag/playwright",
  "version": "0.2.15",
  "lockfileVersion": 1,
  "requires": true,
  "dependencies": {
    "husky": {
      "version": "7.0.4",
      "resolved": "https://registry.npmjs.org/husky/-/husky-7.0.4.tgz",
      "integrity": "sha512-vbaCKN2QLtP/vD4yvs6iz6hBEo6wkSzs8HpRah1Z6aGmF2KW5PdYuAd7uX5a+OyBZHBhd+TFLqgjUgytQr4RvQ==",
      "dev": true
    },
    "playwright": {
      "version": "1.28.0",
      "resolved": "https://registry.npmjs.org/playwright/-/playwright-1.28.0.tgz",
      "integrity": "sha512-kyOXGc5y1mgi+hgEcCIyE1P1+JumLrxS09nFHo5sdJNzrucxPRAGwM4A2X3u3SDOfdgJqx61yIoR6Av+5plJPg==",
      "requires": {
        "playwright-core": "1.28.0"
      },
      "dependencies": {
        "playwright-core": {
          "version": "1.28.0",
          "resolved": "https://registry.npmjs.org/playwright-core/-/playwright-core-1.28.0.tgz",
          "integrity": "sha512-nJLknd28kPBiCNTbqpu6Wmkrh63OEqJSFw9xOfL9qxfNwody7h6/L3O2dZoWQ6Oxcm0VOHjWmGiCUGkc0X3VZA=="
        }
      }
    }
  }
}
