{
	"name": "@qaflag/examples",
	"version": "0.3.0",
	"lockfileVersion": 1,
	"requires": true,
	"dependencies": {
		"class-transformer": {
			"version": "0.5.1",
			"resolved": "https://registry.npmjs.org/class-transformer/-/class-transformer-0.5.1.tgz",
			"integrity": "sha512-SQa1Ws6hUbfC98vKGxZH3KFY0Y1lm5Zm0SY8XX9zbK7FJCyVEac3ATW0RIpwzW+oOfmHE5PMPufDG9hCfoEOMw=="
		},
		"class-validator": {
			"version": "0.13.2",
			"resolved": "https://registry.npmjs.org/class-validator/-/class-validator-0.13.2.tgz",
			"integrity": "sha512-yBUcQy07FPlGzUjoLuUfIOXzgynnQPPruyK1Ge2B74k9ROwnle1E+NxLWnUv5OLU8hA/qL5leAE9XnXq3byaBw==",
			"requires": {
				"libphonenumber-js": "^1.9.43",
				"validator": "^13.7.0"
			},
			"dependencies": {
				"validator": {
					"version": "13.7.0",
					"resolved": "https://registry.npmjs.org/validator/-/validator-13.7.0.tgz",
					"integrity": "sha512-nYXQLCBkpJ8X6ltALua9dRrZDHVYxjJ1wgskNt1lH9fzGjs3tgojGSCBjmEPwkWS1y29+DrizMTW19Pr9uB2nw=="
				}
			}
		},
		"husky": {
			"version": "7.0.4",
			"resolved": "https://registry.npmjs.org/husky/-/husky-7.0.4.tgz",
			"integrity": "sha512-vbaCKN2QLtP/vD4yvs6iz6hBEo6wkSzs8HpRah1Z6aGmF2KW5PdYuAd7uX5a+OyBZHBhd+TFLqgjUgytQr4RvQ==",
			"dev": true
		},
		"libphonenumber-js": {
			"version": "1.9.50",
			"resolved": "https://registry.npmjs.org/libphonenumber-js/-/libphonenumber-js-1.9.50.tgz",
			"integrity": "sha512-cCzQPChw2XbordcO2LKiw5Htx5leHVfFk/EXkxNHqJfFo7Fndcb1kF5wPJpc316vCJhhikedYnVysMh3Sc7Ocw=="
		},
		"minikin": {
			"version": "2.1.8",
			"resolved": "https://registry.npmjs.org/minikin/-/minikin-2.1.8.tgz",
			"integrity": "sha512-8a43/rVXnlYi46O4ApW04TdQZccpEsPOtTv+mwH78FDn52ldjrCb/SBcQii3qWpy5sSe2Q9PSpQuRMpM32Jw8g==",
			"requires": {
				"minikin-router": "^2.1.8"
			}
		},
		"minikin-router": {
			"version": "2.1.8",
			"resolved": "https://registry.npmjs.org/minikin-router/-/minikin-router-2.1.8.tgz",
			"integrity": "sha512-+3yP/9rtFH7uJQnRBOnk5wpNMKbv5mpFtFPshznPBolXD/KcN+qCKdiAtn0upDr7vsnvOytYDsReneXJNxskSQ=="
		}
	}
}
